
Microsoft Visual Studio Solution File, Format Version 12.00
# Visual Studio Version 17
VisualStudioVersion = 17.5.33424.131
MinimumVisualStudioVersion = 10.0.40219.1
Project("{FAE04EC0-301F-11D3-BF4B-00C04F79EFBC}") = "UOWorldMachine.Client.Test", "src\UOWorldMachine.Client.Test\UOWorldMachine.Client.Test.csproj", "{81ACBCE7-520B-4D96-8B6E-7417EA8FEEC2}"
EndProject
Project("{FAE04EC0-301F-11D3-BF4B-00C04F79EFBC}") = "UOWorldMachine.Client", "src\UOWorldMachine.Client\UOWorldMachine.Client.csproj", "{CA6BB69B-3615-47B5-BBCB-2A1F22CA46EB}"
EndProject
Global
	GlobalSection(SolutionConfigurationPlatforms) = preSolution
		Debug|Any CPU = Debug|Any CPU
		Release|Any CPU = Release|Any CPU
	EndGlobalSection
	GlobalSection(ProjectConfigurationPlatforms) = postSolution
		{81ACBCE7-520B-4D96-8B6E-7417EA8FEEC2}.Debug|Any CPU.ActiveCfg = Debug|Any CPU
		{81ACBCE7-520B-4D96-8B6E-7417EA8FEEC2}.Debug|Any CPU.Build.0 = Debug|Any CPU
		{81ACBCE7-520B-4D96-8B6E-7417EA8FEEC2}.Release|Any CPU.ActiveCfg = Release|Any CPU
		{81ACBCE7-520B-4D96-8B6E-7417EA8FEEC2}.Release|Any CPU.Build.0 = Release|Any CPU
		{CA6BB69B-3615-47B5-BBCB-2A1F22CA46EB}.Debug|Any CPU.ActiveCfg = Debug|Any CPU
		{CA6BB69B-3615-47B5-BBCB-2A1F22CA46EB}.Debug|Any CPU.Build.0 = Debug|Any CPU
		{CA6BB69B-3615-47B5-BBCB-2A1F22CA46EB}.Release|Any CPU.ActiveCfg = Release|Any CPU
		{CA6BB69B-3615-47B5-BBCB-2A1F22CA46EB}.Release|Any CPU.Build.0 = Release|Any CPU
	EndGlobalSection
	GlobalSection(SolutionProperties) = preSolution
		HideSolutionNode = FALSE
	EndGlobalSection
	GlobalSection(ExtensibilityGlobals) = postSolution
		SolutionGuid = {195C68F4-3BDE-4238-9EE4-290C293FC8E8}
	EndGlobalSection
EndGlobal
